
Microsoft Visual Studio Solution File, Format Version 12.00
Project("{2150E333-8FDC-42A3-9474-1A3956D46DE8}") = "src", "src", "{DA876F68-9687-464C-9157-3DA8EE62B2E0}"
EndProject
Project("{2150E333-8FDC-42A3-9474-1A3956D46DE8}") = "test", "test", "{2AAB526F-848E-46E5-82F9-74AD32196D60}"
EndProject
Project("{FAE04EC0-301F-11D3-BF4B-00C04F79EFBC}") = "AISmartHome.API", "src\AISmartHome.API\AISmartHome.API.csproj", "{44CB8FF6-F4CB-436F-A759-4355BF68296A}"
EndProject
Project("{FAE04EC0-301F-11D3-BF4B-00C04F79EFBC}") = "AISmartHome.AppHost", "src\AISmartHome.AppHost\AISmartHome.AppHost.csproj", "{C748B37B-A108-4A9B-8BAF-82B86A16A5F4}"
EndProject
Project("{FAE04EC0-301F-11D3-BF4B-00C04F79EFBC}") = "AISmartHome.Console", "src\AISmartHome.Console\AISmartHome.Console.csproj", "{E2D39472-D128-4C25-A399-3162C2A20C4A}"
EndProject
Project("{FAE04EC0-301F-11D3-BF4B-00C04F79EFBC}") = "AISmartHome.ServiceDefaults", "src\AISmartHome.ServiceDefaults\AISmartHome.ServiceDefaults.csproj", "{A80BC484-E41B-4557-A8BD-5B7D54C4DFE7}"
EndProject
Project("{2150E333-8FDC-42A3-9474-1A3956D46DE8}") = "docs", "docs", "{261DC01C-D497-4120-A9CA-11C039A2C29E}"
	ProjectSection(SolutionItems) = preProject
		docs\DEBUGGING.md = docs\DEBUGGING.md
		docs\QUICKSTART.md = docs\QUICKSTART.md
		docs\ARCHITECTURE.md = docs\ARCHITECTURE.md
		docs\ASPIRE_GUIDE.md = docs\ASPIRE_GUIDE.md
		docs\MODEL_CONFIG.md = docs\MODEL_CONFIG.md
		docs\WEB_UI_GUIDE.md = docs\WEB_UI_GUIDE.md
		docs\USAGE_EXAMPLES.md = docs\USAGE_EXAMPLES.md
		docs\SECURITY_NOTICE.md = docs\SECURITY_NOTICE.md
		docs\TELEMETRY_GUIDE.md = docs\TELEMETRY_GUIDE.md
		docs\TEST_INTENT_FIX.md = docs\TEST_INTENT_FIX.md
		docs\FINAL_TEST_GUIDE.md = docs\FINAL_TEST_GUIDE.md
		docs\GPT5_COMPATIBILITY.md = docs\GPT5_COMPATIBILITY.md
		docs\PROMPT_FIX_SUMMARY.md = docs\PROMPT_FIX_SUMMARY.md
		docs\USER_SECRETS_GUIDE.md = docs\USER_SECRETS_GUIDE.md
		docs\INTENT_ANALYSIS_FIX.md = docs\INTENT_ANALYSIS_FIX.md
		docs\PROMPT_OPTIMIZATION.md = docs\PROMPT_OPTIMIZATION.md
		docs\QUICK_START_SECRETS.md = docs\QUICK_START_SECRETS.md
		docs\VISION_SYSTEM_GUIDE.md = docs\VISION_SYSTEM_GUIDE.md
		docs\ENTITY_ID_VALIDATION.md = docs\ENTITY_ID_VALIDATION.md
		docs\home-assistant-api.yaml = docs\home-assistant-api.yaml
		docs\ENTITY_ID_PASSING_FIX.md = docs\ENTITY_ID_PASSING_FIX.md
		docs\VALIDATION_AGENT_TEST.md = docs\VALIDATION_AGENT_TEST.md
		docs\CACHE_MONITORING_GUIDE.md = docs\CACHE_MONITORING_GUIDE.md
		docs\DISCOVERY_TOOL_USAGE_FIX.md = docs\DISCOVERY_TOOL_USAGE_FIX.md
		docs\SMART_CACHE_IMPLEMENTATION.md = docs\SMART_CACHE_IMPLEMENTATION.md
		docs\PROMPT_IMPROVEMENTS_SUMMARY.md = docs\PROMPT_IMPROVEMENTS_SUMMARY.md
		docs\TELEMETRY_IMPLEMENTATION_SUMMARY.md = docs\TELEMETRY_IMPLEMENTATION_SUMMARY.md
	EndProjectSection
EndProject
Project("{2150E333-8FDC-42A3-9474-1A3956D46DE8}") = "scripts", "scripts", "{FF5B824E-BB5C-4D8F-B430-23B5C9ACFE51}"
	ProjectSection(SolutionItems) = preProject
		scripts\run-apphost.sh = scripts\run-apphost.sh
		scripts\test-apphost.sh = scripts\test-apphost.sh
		scripts\diagnose-aspire.sh = scripts\diagnose-aspire.sh
	EndProjectSection
EndProject
Project("{FAE04EC0-301F-11D3-BF4B-00C04F79EFBC}") = "Aevatar.HomeAssistantClient", "src\Aevatar.HomeAssistantClient\Aevatar.HomeAssistantClient.csproj", "{4DD4C930-D7BB-4F15-9D08-F66C846E5DC5}"
EndProject
Project("{FAE04EC0-301F-11D3-BF4B-00C04F79EFBC}") = "AISmartHome.Agents", "src\AISmartHome.Agents\AISmartHome.Agents.csproj", "{DF12607A-11B4-4DF3-B0EE-8D5F3CA94616}"
EndProject
Project("{FAE04EC0-301F-11D3-BF4B-00C04F79EFBC}") = "AISmartHome.Tools", "src\AISmartHome.Tools\AISmartHome.Tools.csproj", "{81524E34-339B-40DC-AFAF-3DA16C88F3A5}"
EndProject
Project("{FAE04EC0-301F-11D3-BF4B-00C04F79EFBC}") = "AISmartHome.Agents.Tests", "test\AISmartHome.Agents.Tests\AISmartHome.Agents.Tests.csproj", "{02751F65-835F-47C2-8B4A-176FA6E8AD02}"
EndProject
Global
	GlobalSection(SolutionConfigurationPlatforms) = preSolution
		Debug|Any CPU = Debug|Any CPU
		Release|Any CPU = Release|Any CPU
	EndGlobalSection
	GlobalSection(NestedProjects) = preSolution
		{44CB8FF6-F4CB-436F-A759-4355BF68296A} = {DA876F68-9687-464C-9157-3DA8EE62B2E0}
		{C748B37B-A108-4A9B-8BAF-82B86A16A5F4} = {DA876F68-9687-464C-9157-3DA8EE62B2E0}
		{E2D39472-D128-4C25-A399-3162C2A20C4A} = {DA876F68-9687-464C-9157-3DA8EE62B2E0}
		{A80BC484-E41B-4557-A8BD-5B7D54C4DFE7} = {DA876F68-9687-464C-9157-3DA8EE62B2E0}
		{AF9E3525-8EFB-4C5D-872E-F46750A27DAB} = {DA876F68-9687-464C-9157-3DA8EE62B2E0}
		{7FACDEB6-F5D8-4825-A5D6-A4D92BC0A037} = {DA876F68-9687-464C-9157-3DA8EE62B2E0}
		{AE18D578-F573-40B9-AA91-0A7F5D2C5403} = {DA876F68-9687-464C-9157-3DA8EE62B2E0}
		{4DD4C930-D7BB-4F15-9D08-F66C846E5DC5} = {DA876F68-9687-464C-9157-3DA8EE62B2E0}
		{DF12607A-11B4-4DF3-B0EE-8D5F3CA94616} = {DA876F68-9687-464C-9157-3DA8EE62B2E0}
		{81524E34-339B-40DC-AFAF-3DA16C88F3A5} = {DA876F68-9687-464C-9157-3DA8EE62B2E0}
		{02751F65-835F-47C2-8B4A-176FA6E8AD02} = {2AAB526F-848E-46E5-82F9-74AD32196D60}
	EndGlobalSection
	GlobalSection(ProjectConfigurationPlatforms) = postSolution
		{44CB8FF6-F4CB-436F-A759-4355BF68296A}.Debug|Any CPU.ActiveCfg = Debug|Any CPU
		{44CB8FF6-F4CB-436F-A759-4355BF68296A}.Debug|Any CPU.Build.0 = Debug|Any CPU
		{44CB8FF6-F4CB-436F-A759-4355BF68296A}.Release|Any CPU.ActiveCfg = Release|Any CPU
		{44CB8FF6-F4CB-436F-A759-4355BF68296A}.Release|Any CPU.Build.0 = Release|Any CPU
		{C748B37B-A108-4A9B-8BAF-82B86A16A5F4}.Debug|Any CPU.ActiveCfg = Debug|Any CPU
		{C748B37B-A108-4A9B-8BAF-82B86A16A5F4}.Debug|Any CPU.Build.0 = Debug|Any CPU
		{C748B37B-A108-4A9B-8BAF-82B86A16A5F4}.Release|Any CPU.ActiveCfg = Release|Any CPU
		{C748B37B-A108-4A9B-8BAF-82B86A16A5F4}.Release|Any CPU.Build.0 = Release|Any CPU
		{E2D39472-D128-4C25-A399-3162C2A20C4A}.Debug|Any CPU.ActiveCfg = Debug|Any CPU
		{E2D39472-D128-4C25-A399-3162C2A20C4A}.Debug|Any CPU.Build.0 = Debug|Any CPU
		{E2D39472-D128-4C25-A399-3162C2A20C4A}.Release|Any CPU.ActiveCfg = Release|Any CPU
		{E2D39472-D128-4C25-A399-3162C2A20C4A}.Release|Any CPU.Build.0 = Release|Any CPU
		{A80BC484-E41B-4557-A8BD-5B7D54C4DFE7}.Debug|Any CPU.ActiveCfg = Debug|Any CPU
		{A80BC484-E41B-4557-A8BD-5B7D54C4DFE7}.Debug|Any CPU.Build.0 = Debug|Any CPU
		{A80BC484-E41B-4557-A8BD-5B7D54C4DFE7}.Release|Any CPU.ActiveCfg = Release|Any CPU
		{A80BC484-E41B-4557-A8BD-5B7D54C4DFE7}.Release|Any CPU.Build.0 = Release|Any CPU
		{AF9E3525-8EFB-4C5D-872E-F46750A27DAB}.Debug|Any CPU.ActiveCfg = Debug|Any CPU
		{AF9E3525-8EFB-4C5D-872E-F46750A27DAB}.Debug|Any CPU.Build.0 = Debug|Any CPU
		{AF9E3525-8EFB-4C5D-872E-F46750A27DAB}.Release|Any CPU.ActiveCfg = Release|Any CPU
		{AF9E3525-8EFB-4C5D-872E-F46750A27DAB}.Release|Any CPU.Build.0 = Release|Any CPU
		{7FACDEB6-F5D8-4825-A5D6-A4D92BC0A037}.Debug|Any CPU.ActiveCfg = Debug|Any CPU
		{7FACDEB6-F5D8-4825-A5D6-A4D92BC0A037}.Debug|Any CPU.Build.0 = Debug|Any CPU
		{7FACDEB6-F5D8-4825-A5D6-A4D92BC0A037}.Release|Any CPU.ActiveCfg = Release|Any CPU
		{7FACDEB6-F5D8-4825-A5D6-A4D92BC0A037}.Release|Any CPU.Build.0 = Release|Any CPU
		{AE18D578-F573-40B9-AA91-0A7F5D2C5403}.Debug|Any CPU.ActiveCfg = Debug|Any CPU
		{AE18D578-F573-40B9-AA91-0A7F5D2C5403}.Debug|Any CPU.Build.0 = Debug|Any CPU
		{AE18D578-F573-40B9-AA91-0A7F5D2C5403}.Release|Any CPU.ActiveCfg = Release|Any CPU
		{AE18D578-F573-40B9-AA91-0A7F5D2C5403}.Release|Any CPU.Build.0 = Release|Any CPU
		{4DD4C930-D7BB-4F15-9D08-F66C846E5DC5}.Debug|Any CPU.ActiveCfg = Debug|Any CPU
		{4DD4C930-D7BB-4F15-9D08-F66C846E5DC5}.Debug|Any CPU.Build.0 = Debug|Any CPU
		{4DD4C930-D7BB-4F15-9D08-F66C846E5DC5}.Release|Any CPU.ActiveCfg = Release|Any CPU
		{4DD4C930-D7BB-4F15-9D08-F66C846E5DC5}.Release|Any CPU.Build.0 = Release|Any CPU
		{DF12607A-11B4-4DF3-B0EE-8D5F3CA94616}.Debug|Any CPU.ActiveCfg = Debug|Any CPU
		{DF12607A-11B4-4DF3-B0EE-8D5F3CA94616}.Debug|Any CPU.Build.0 = Debug|Any CPU
		{DF12607A-11B4-4DF3-B0EE-8D5F3CA94616}.Release|Any CPU.ActiveCfg = Release|Any CPU
		{DF12607A-11B4-4DF3-B0EE-8D5F3CA94616}.Release|Any CPU.Build.0 = Release|Any CPU
		{81524E34-339B-40DC-AFAF-3DA16C88F3A5}.Debug|Any CPU.ActiveCfg = Debug|Any CPU
		{81524E34-339B-40DC-AFAF-3DA16C88F3A5}.Debug|Any CPU.Build.0 = Debug|Any CPU
		{81524E34-339B-40DC-AFAF-3DA16C88F3A5}.Release|Any CPU.ActiveCfg = Release|Any CPU
		{81524E34-339B-40DC-AFAF-3DA16C88F3A5}.Release|Any CPU.Build.0 = Release|Any CPU
		{02751F65-835F-47C2-8B4A-176FA6E8AD02}.Debug|Any CPU.ActiveCfg = Debug|Any CPU
		{02751F65-835F-47C2-8B4A-176FA6E8AD02}.Debug|Any CPU.Build.0 = Debug|Any CPU
		{02751F65-835F-47C2-8B4A-176FA6E8AD02}.Release|Any CPU.ActiveCfg = Release|Any CPU
		{02751F65-835F-47C2-8B4A-176FA6E8AD02}.Release|Any CPU.Build.0 = Release|Any CPU
	EndGlobalSection
EndGlobal
