
Microsoft Visual Studio Solution File, Format Version 12.00
Project("{2150E333-8FDC-42A3-9474-1A3956D46DE8}") = "src", "src", "{DA876F68-9687-464C-9157-3DA8EE62B2E0}"
EndProject
Project("{2150E333-8FDC-42A3-9474-1A3956D46DE8}") = "test", "test", "{2AAB526F-848E-46E5-82F9-74AD32196D60}"
EndProject
Project("{FAE04EC0-301F-11D3-BF4B-00C04F79EFBC}") = "AISmartHome.API", "src\AISmartHome.API\AISmartHome.API.csproj", "{44CB8FF6-F4CB-436F-A759-4355BF68296A}"
EndProject
Project("{FAE04EC0-301F-11D3-BF4B-00C04F79EFBC}") = "AISmartHome.AppHost", "src\AISmartHome.AppHost\AISmartHome.AppHost.csproj", "{C748B37B-A108-4A9B-8BAF-82B86A16A5F4}"
EndProject
Project("{FAE04EC0-301F-11D3-BF4B-00C04F79EFBC}") = "AISmartHome.Console", "src\AISmartHome.Console\AISmartHome.Console.csproj", "{E2D39472-D128-4C25-A399-3162C2A20C4A}"
EndProject
Project("{FAE04EC0-301F-11D3-BF4B-00C04F79EFBC}") = "AISmartHome.ServiceDefaults", "src\AISmartHome.ServiceDefaults\AISmartHome.ServiceDefaults.csproj", "{A80BC484-E41B-4557-A8BD-5B7D54C4DFE7}"
EndProject
Global
	GlobalSection(SolutionConfigurationPlatforms) = preSolution
		Debug|Any CPU = Debug|Any CPU
		Release|Any CPU = Release|Any CPU
	EndGlobalSection
	GlobalSection(NestedProjects) = preSolution
		{44CB8FF6-F4CB-436F-A759-4355BF68296A} = {DA876F68-9687-464C-9157-3DA8EE62B2E0}
		{C748B37B-A108-4A9B-8BAF-82B86A16A5F4} = {DA876F68-9687-464C-9157-3DA8EE62B2E0}
		{E2D39472-D128-4C25-A399-3162C2A20C4A} = {DA876F68-9687-464C-9157-3DA8EE62B2E0}
		{A80BC484-E41B-4557-A8BD-5B7D54C4DFE7} = {DA876F68-9687-464C-9157-3DA8EE62B2E0}
	EndGlobalSection
	GlobalSection(ProjectConfigurationPlatforms) = postSolution
		{44CB8FF6-F4CB-436F-A759-4355BF68296A}.Debug|Any CPU.ActiveCfg = Debug|Any CPU
		{44CB8FF6-F4CB-436F-A759-4355BF68296A}.Debug|Any CPU.Build.0 = Debug|Any CPU
		{44CB8FF6-F4CB-436F-A759-4355BF68296A}.Release|Any CPU.ActiveCfg = Release|Any CPU
		{44CB8FF6-F4CB-436F-A759-4355BF68296A}.Release|Any CPU.Build.0 = Release|Any CPU
		{C748B37B-A108-4A9B-8BAF-82B86A16A5F4}.Debug|Any CPU.ActiveCfg = Debug|Any CPU
		{C748B37B-A108-4A9B-8BAF-82B86A16A5F4}.Debug|Any CPU.Build.0 = Debug|Any CPU
		{C748B37B-A108-4A9B-8BAF-82B86A16A5F4}.Release|Any CPU.ActiveCfg = Release|Any CPU
		{C748B37B-A108-4A9B-8BAF-82B86A16A5F4}.Release|Any CPU.Build.0 = Release|Any CPU
		{E2D39472-D128-4C25-A399-3162C2A20C4A}.Debug|Any CPU.ActiveCfg = Debug|Any CPU
		{E2D39472-D128-4C25-A399-3162C2A20C4A}.Debug|Any CPU.Build.0 = Debug|Any CPU
		{E2D39472-D128-4C25-A399-3162C2A20C4A}.Release|Any CPU.ActiveCfg = Release|Any CPU
		{E2D39472-D128-4C25-A399-3162C2A20C4A}.Release|Any CPU.Build.0 = Release|Any CPU
		{A80BC484-E41B-4557-A8BD-5B7D54C4DFE7}.Debug|Any CPU.ActiveCfg = Debug|Any CPU
		{A80BC484-E41B-4557-A8BD-5B7D54C4DFE7}.Debug|Any CPU.Build.0 = Debug|Any CPU
		{A80BC484-E41B-4557-A8BD-5B7D54C4DFE7}.Release|Any CPU.ActiveCfg = Release|Any CPU
		{A80BC484-E41B-4557-A8BD-5B7D54C4DFE7}.Release|Any CPU.Build.0 = Release|Any CPU
	EndGlobalSection
EndGlobal
